{
  "name": "chess-structure-detection",
  "version": "1.0.0",
  "lockfileVersion": 3,
  "requires": true,
  "packages": {
    "": {
      "name": "chess-structure-detection",
      "version": "1.0.0",
      "license": "MIT",
      "dependencies": {
        "bitboard-chess": "^0.3.0"
      },
      "devDependencies": {
        "node-addon-api": "^8.0.0"
      }
    },
    "node_modules/bitboard-chess": {
      "version": "0.3.0",
      "resolved": "https://registry.npmjs.org/bitboard-chess/-/bitboard-chess-0.3.0.tgz",
      "integrity": "sha512-WVa9C3+sGH7WgsZyh4eKhKP1hISd88NlLRzpi+pMXlEFl3nh4jCPRAQ/i5wbzA19DvvWOHIxscSpiCw3c4k4pg==",
      "hasInstallScript": true,
      "license": "MIT",
      "engines": {
        "node": ">= 14.0.0"
      }
    },
    "node_modules/node-addon-api": {
      "version": "8.5.0",
      "resolved": "https://registry.npmjs.org/node-addon-api/-/node-addon-api-8.5.0.tgz",
      "integrity": "sha512-/bRZty2mXUIFY/xU5HLvveNHlswNJej+RnxBjOMkidWfwZzgTbPG1E3K5TOxRLOR+5hX7bSofy8yf1hZevMS8A==",
      "dev": true,
      "license": "MIT",
      "engines": {
        "node": "^18 || ^20 || >= 21"
      }
    }
  }
}
